// !$*UTF8*$!
{
	archiveVersion = 1;
	classes = {
	};
	objectVersion = 48;
	objects = {

/* Begin PBXBuildFile section */
		1ECFC55D661AFF434033A424 /* Pods_MobileNocTaskUITests.framework in Frameworks */ = {isa = PBXBuildFile; fileRef = 59B0A5EF9D17BEFD173A775C /* Pods_MobileNocTaskUITests.framework */; };
		1F1572830B18B34DDEBCE3B6 /* Pods_MobileNocTaskTests.framework in Frameworks */ = {isa = PBXBuildFile; fileRef = 9E9EE309F908A04CD5F9FFF3 /* Pods_MobileNocTaskTests.framework */; };
		8975BCEEFB1C84683670B5E4 /* Pods_MobileNocTask.framework in Frameworks */ = {isa = PBXBuildFile; fileRef = E0228AAE9AFA8B9D582E3DB6 /* Pods_MobileNocTask.framework */; };
		D218410621A5B84300A51C99 /* AlertsViewTests.swift in Sources */ = {isa = PBXBuildFile; fileRef = D218410521A5B84300A51C99 /* AlertsViewTests.swift */; };
		D218410921A5BC2E00A51C99 /* NetworkMock.swift in Sources */ = {isa = PBXBuildFile; fileRef = D218410821A5BC2E00A51C99 /* NetworkMock.swift */; };
		D218410B21A5BC6200A51C99 /* DataSourceMock.swift in Sources */ = {isa = PBXBuildFile; fileRef = D218410A21A5BC6200A51C99 /* DataSourceMock.swift */; };
		D218410D21A5BCE900A51C99 /* AlertsListTests.swift in Sources */ = {isa = PBXBuildFile; fileRef = D218410C21A5BCE900A51C99 /* AlertsListTests.swift */; };
		D2667A4221A49D7B006B9602 /* AppDelegate.swift in Sources */ = {isa = PBXBuildFile; fileRef = D2667A4121A49D7B006B9602 /* AppDelegate.swift */; };
		D2667A4421A49D7B006B9602 /* AlertsView.swift in Sources */ = {isa = PBXBuildFile; fileRef = D2667A4321A49D7B006B9602 /* AlertsView.swift */; };
		D2667A4721A49D7B006B9602 /* Alerts.storyboard in Resources */ = {isa = PBXBuildFile; fileRef = D2667A4521A49D7B006B9602 /* Alerts.storyboard */; };
		D2667A4921A49D7C006B9602 /* Assets.xcassets in Resources */ = {isa = PBXBuildFile; fileRef = D2667A4821A49D7C006B9602 /* Assets.xcassets */; };
		D2667A4C21A49D7C006B9602 /* LaunchScreen.storyboard in Resources */ = {isa = PBXBuildFile; fileRef = D2667A4A21A49D7C006B9602 /* LaunchScreen.storyboard */; };
		D2667A6221A49D7C006B9602 /* MobileNocTaskUITests.swift in Sources */ = {isa = PBXBuildFile; fileRef = D2667A6121A49D7C006B9602 /* MobileNocTaskUITests.swift */; };
		D2667A7121A4A083006B9602 /* UIView+Helpers.swift in Sources */ = {isa = PBXBuildFile; fileRef = D2667A7021A4A083006B9602 /* UIView+Helpers.swift */; };
		D2667A7321A4A18C006B9602 /* Round.swift in Sources */ = {isa = PBXBuildFile; fileRef = D2667A7221A4A18C006B9602 /* Round.swift */; };
		D2667A7721A52F6B006B9602 /* AlertCell.xib in Resources */ = {isa = PBXBuildFile; fileRef = D2667A7621A52F6B006B9602 /* AlertCell.xib */; };
		D2667A7921A52F8B006B9602 /* AlertCell.swift in Sources */ = {isa = PBXBuildFile; fileRef = D2667A7821A52F8B006B9602 /* AlertCell.swift */; };
		D2667A7B21A5357B006B9602 /* UILabel+Helpers.swift in Sources */ = {isa = PBXBuildFile; fileRef = D2667A7A21A5357B006B9602 /* UILabel+Helpers.swift */; };
		D2667A7D21A53910006B9602 /* AlertsList.swift in Sources */ = {isa = PBXBuildFile; fileRef = D2667A7C21A53910006B9602 /* AlertsList.swift */; };
		D2667A7F21A54C99006B9602 /* Colors.swift in Sources */ = {isa = PBXBuildFile; fileRef = D2667A7E21A54C99006B9602 /* Colors.swift */; };
		D2667A8421A5523F006B9602 /* Alert.swift in Sources */ = {isa = PBXBuildFile; fileRef = D2667A8321A5523F006B9602 /* Alert.swift */; };
		D2667A8721A5545A006B9602 /* Status.swift in Sources */ = {isa = PBXBuildFile; fileRef = D2667A8621A5545A006B9602 /* Status.swift */; };
		D2667A8A21A554BD006B9602 /* AlertsResponse.swift in Sources */ = {isa = PBXBuildFile; fileRef = D2667A8921A554BD006B9602 /* AlertsResponse.swift */; };
		D2667A8C21A56217006B9602 /* NetworkService.swift in Sources */ = {isa = PBXBuildFile; fileRef = D2667A8B21A56217006B9602 /* NetworkService.swift */; };
		D2667A8E21A5AAB8006B9602 /* Dynamic.swift in Sources */ = {isa = PBXBuildFile; fileRef = D2667A8D21A5AAB8006B9602 /* Dynamic.swift */; };
		D2667A9021A5ACE9006B9602 /* AlertsDataSource.swift in Sources */ = {isa = PBXBuildFile; fileRef = D2667A8F21A5ACE9006B9602 /* AlertsDataSource.swift */; };
		D2667A9221A5AEE2006B9602 /* DataSourceTests.swift in Sources */ = {isa = PBXBuildFile; fileRef = D2667A9121A5AEE2006B9602 /* DataSourceTests.swift */; };
/* End PBXBuildFile section */

/* Begin PBXContainerItemProxy section */
		D2667A5321A49D7C006B9602 /* PBXContainerItemProxy */ = {
			isa = PBXContainerItemProxy;
			containerPortal = D2667A3621A49D7B006B9602 /* Project object */;
			proxyType = 1;
			remoteGlobalIDString = D2667A3D21A49D7B006B9602;
			remoteInfo = MobileNocTask;
		};
		D2667A5E21A49D7C006B9602 /* PBXContainerItemProxy */ = {
			isa = PBXContainerItemProxy;
			containerPortal = D2667A3621A49D7B006B9602 /* Project object */;
			proxyType = 1;
			remoteGlobalIDString = D2667A3D21A49D7B006B9602;
			remoteInfo = MobileNocTask;
		};
/* End PBXContainerItemProxy section */

/* Begin PBXFileReference section */
		1E26F91DABB8B780D75B6C22 /* Pods-MobileNocTask.release.xcconfig */ = {isa = PBXFileReference; includeInIndex = 1; lastKnownFileType = text.xcconfig; name = "Pods-MobileNocTask.release.xcconfig"; path = "Pods/Target Support Files/Pods-MobileNocTask/Pods-MobileNocTask.release.xcconfig"; sourceTree = "<group>"; };
		2429FE6BC98DFF9E2E7ACAAA /* Pods-MobileNocTaskUITests.release.xcconfig */ = {isa = PBXFileReference; includeInIndex = 1; lastKnownFileType = text.xcconfig; name = "Pods-MobileNocTaskUITests.release.xcconfig"; path = "Pods/Target Support Files/Pods-MobileNocTaskUITests/Pods-MobileNocTaskUITests.release.xcconfig"; sourceTree = "<group>"; };
		59B0A5EF9D17BEFD173A775C /* Pods_MobileNocTaskUITests.framework */ = {isa = PBXFileReference; explicitFileType = wrapper.framework; includeInIndex = 0; path = Pods_MobileNocTaskUITests.framework; sourceTree = BUILT_PRODUCTS_DIR; };
		9E9EE309F908A04CD5F9FFF3 /* Pods_MobileNocTaskTests.framework */ = {isa = PBXFileReference; explicitFileType = wrapper.framework; includeInIndex = 0; path = Pods_MobileNocTaskTests.framework; sourceTree = BUILT_PRODUCTS_DIR; };
		A054D192FBF75123236F0009 /* Pods-MobileNocTaskTests.release.xcconfig */ = {isa = PBXFileReference; includeInIndex = 1; lastKnownFileType = text.xcconfig; name = "Pods-MobileNocTaskTests.release.xcconfig"; path = "Pods/Target Support Files/Pods-MobileNocTaskTests/Pods-MobileNocTaskTests.release.xcconfig"; sourceTree = "<group>"; };
		B261A69DE0C38F4DA414BC5A /* Pods-MobileNocTaskUITests.debug.xcconfig */ = {isa = PBXFileReference; includeInIndex = 1; lastKnownFileType = text.xcconfig; name = "Pods-MobileNocTaskUITests.debug.xcconfig"; path = "Pods/Target Support Files/Pods-MobileNocTaskUITests/Pods-MobileNocTaskUITests.debug.xcconfig"; sourceTree = "<group>"; };
		C220FBFBA8F3482994916DE1 /* Pods-MobileNocTask.debug.xcconfig */ = {isa = PBXFileReference; includeInIndex = 1; lastKnownFileType = text.xcconfig; name = "Pods-MobileNocTask.debug.xcconfig"; path = "Pods/Target Support Files/Pods-MobileNocTask/Pods-MobileNocTask.debug.xcconfig"; sourceTree = "<group>"; };
		D218410521A5B84300A51C99 /* AlertsViewTests.swift */ = {isa = PBXFileReference; lastKnownFileType = sourcecode.swift; path = AlertsViewTests.swift; sourceTree = "<group>"; };
		D218410821A5BC2E00A51C99 /* NetworkMock.swift */ = {isa = PBXFileReference; lastKnownFileType = sourcecode.swift; path = NetworkMock.swift; sourceTree = "<group>"; };
		D218410A21A5BC6200A51C99 /* DataSourceMock.swift */ = {isa = PBXFileReference; lastKnownFileType = sourcecode.swift; path = DataSourceMock.swift; sourceTree = "<group>"; };
		D218410C21A5BCE900A51C99 /* AlertsListTests.swift */ = {isa = PBXFileReference; lastKnownFileType = sourcecode.swift; path = AlertsListTests.swift; sourceTree = "<group>"; };
		D2667A3E21A49D7B006B9602 /* MobileNocTask.app */ = {isa = PBXFileReference; explicitFileType = wrapper.application; includeInIndex = 0; path = MobileNocTask.app; sourceTree = BUILT_PRODUCTS_DIR; };
		D2667A4121A49D7B006B9602 /* AppDelegate.swift */ = {isa = PBXFileReference; lastKnownFileType = sourcecode.swift; path = AppDelegate.swift; sourceTree = "<group>"; };
		D2667A4321A49D7B006B9602 /* AlertsView.swift */ = {isa = PBXFileReference; lastKnownFileType = sourcecode.swift; path = AlertsView.swift; sourceTree = "<group>"; };
		D2667A4621A49D7B006B9602 /* Base */ = {isa = PBXFileReference; lastKnownFileType = file.storyboard; name = Base; path = Base.lproj/Alerts.storyboard; sourceTree = "<group>"; };
		D2667A4821A49D7C006B9602 /* Assets.xcassets */ = {isa = PBXFileReference; lastKnownFileType = folder.assetcatalog; path = Assets.xcassets; sourceTree = "<group>"; };
		D2667A4B21A49D7C006B9602 /* Base */ = {isa = PBXFileReference; lastKnownFileType = file.storyboard; name = Base; path = Base.lproj/LaunchScreen.storyboard; sourceTree = "<group>"; };
		D2667A4D21A49D7C006B9602 /* Info.plist */ = {isa = PBXFileReference; lastKnownFileType = text.plist.xml; path = Info.plist; sourceTree = "<group>"; };
		D2667A5221A49D7C006B9602 /* MobileNocTaskTests.xctest */ = {isa = PBXFileReference; explicitFileType = wrapper.cfbundle; includeInIndex = 0; path = MobileNocTaskTests.xctest; sourceTree = BUILT_PRODUCTS_DIR; };
		D2667A5821A49D7C006B9602 /* Info.plist */ = {isa = PBXFileReference; lastKnownFileType = text.plist.xml; path = Info.plist; sourceTree = "<group>"; };
		D2667A5D21A49D7C006B9602 /* MobileNocTaskUITests.xctest */ = {isa = PBXFileReference; explicitFileType = wrapper.cfbundle; includeInIndex = 0; path = MobileNocTaskUITests.xctest; sourceTree = BUILT_PRODUCTS_DIR; };
		D2667A6121A49D7C006B9602 /* MobileNocTaskUITests.swift */ = {isa = PBXFileReference; lastKnownFileType = sourcecode.swift; path = MobileNocTaskUITests.swift; sourceTree = "<group>"; };
		D2667A6321A49D7C006B9602 /* Info.plist */ = {isa = PBXFileReference; lastKnownFileType = text.plist.xml; path = Info.plist; sourceTree = "<group>"; };
		D2667A7021A4A083006B9602 /* UIView+Helpers.swift */ = {isa = PBXFileReference; lastKnownFileType = sourcecode.swift; path = "UIView+Helpers.swift"; sourceTree = "<group>"; };
		D2667A7221A4A18C006B9602 /* Round.swift */ = {isa = PBXFileReference; lastKnownFileType = sourcecode.swift; path = Round.swift; sourceTree = "<group>"; };
		D2667A7621A52F6B006B9602 /* AlertCell.xib */ = {isa = PBXFileReference; lastKnownFileType = file.xib; path = AlertCell.xib; sourceTree = "<group>"; };
		D2667A7821A52F8B006B9602 /* AlertCell.swift */ = {isa = PBXFileReference; lastKnownFileType = sourcecode.swift; path = AlertCell.swift; sourceTree = "<group>"; };
		D2667A7A21A5357B006B9602 /* UILabel+Helpers.swift */ = {isa = PBXFileReference; lastKnownFileType = sourcecode.swift; path = "UILabel+Helpers.swift"; sourceTree = "<group>"; };
		D2667A7C21A53910006B9602 /* AlertsList.swift */ = {isa = PBXFileReference; lastKnownFileType = sourcecode.swift; path = AlertsList.swift; sourceTree = "<group>"; };
		D2667A7E21A54C99006B9602 /* Colors.swift */ = {isa = PBXFileReference; lastKnownFileType = sourcecode.swift; path = Colors.swift; sourceTree = "<group>"; };
		D2667A8321A5523F006B9602 /* Alert.swift */ = {isa = PBXFileReference; lastKnownFileType = sourcecode.swift; path = Alert.swift; sourceTree = "<group>"; };
		D2667A8621A5545A006B9602 /* Status.swift */ = {isa = PBXFileReference; lastKnownFileType = sourcecode.swift; path = Status.swift; sourceTree = "<group>"; };
		D2667A8921A554BD006B9602 /* AlertsResponse.swift */ = {isa = PBXFileReference; lastKnownFileType = sourcecode.swift; path = AlertsResponse.swift; sourceTree = "<group>"; };
		D2667A8B21A56217006B9602 /* NetworkService.swift */ = {isa = PBXFileReference; lastKnownFileType = sourcecode.swift; path = NetworkService.swift; sourceTree = "<group>"; };
		D2667A8D21A5AAB8006B9602 /* Dynamic.swift */ = {isa = PBXFileReference; lastKnownFileType = sourcecode.swift; path = Dynamic.swift; sourceTree = "<group>"; };
		D2667A8F21A5ACE9006B9602 /* AlertsDataSource.swift */ = {isa = PBXFileReference; lastKnownFileType = sourcecode.swift; path = AlertsDataSource.swift; sourceTree = "<group>"; };
		D2667A9121A5AEE2006B9602 /* DataSourceTests.swift */ = {isa = PBXFileReference; lastKnownFileType = sourcecode.swift; path = DataSourceTests.swift; sourceTree = "<group>"; };
		DD293DAC4BFB0BC4141A9349 /* Pods-MobileNocTaskTests.debug.xcconfig */ = {isa = PBXFileReference; includeInIndex = 1; lastKnownFileType = text.xcconfig; name = "Pods-MobileNocTaskTests.debug.xcconfig"; path = "Pods/Target Support Files/Pods-MobileNocTaskTests/Pods-MobileNocTaskTests.debug.xcconfig"; sourceTree = "<group>"; };
		E0228AAE9AFA8B9D582E3DB6 /* Pods_MobileNocTask.framework */ = {isa = PBXFileReference; explicitFileType = wrapper.framework; includeInIndex = 0; path = Pods_MobileNocTask.framework; sourceTree = BUILT_PRODUCTS_DIR; };
/* End PBXFileReference section */

/* Begin PBXFrameworksBuildPhase section */
		D2667A3B21A49D7B006B9602 /* Frameworks */ = {
			isa = PBXFrameworksBuildPhase;
			buildActionMask = 2147483647;
			files = (
				8975BCEEFB1C84683670B5E4 /* Pods_MobileNocTask.framework in Frameworks */,
			);
			runOnlyForDeploymentPostprocessing = 0;
		};
		D2667A4F21A49D7C006B9602 /* Frameworks */ = {
			isa = PBXFrameworksBuildPhase;
			buildActionMask = 2147483647;
			files = (
				1F1572830B18B34DDEBCE3B6 /* Pods_MobileNocTaskTests.framework in Frameworks */,
			);
			runOnlyForDeploymentPostprocessing = 0;
		};
		D2667A5A21A49D7C006B9602 /* Frameworks */ = {
			isa = PBXFrameworksBuildPhase;
			buildActionMask = 2147483647;
			files = (
				1ECFC55D661AFF434033A424 /* Pods_MobileNocTaskUITests.framework in Frameworks */,
			);
			runOnlyForDeploymentPostprocessing = 0;
		};
/* End PBXFrameworksBuildPhase section */

/* Begin PBXGroup section */
		8486EE0ECE4AB1B3C826EC2B /* Pods */ = {
			isa = PBXGroup;
			children = (
				C220FBFBA8F3482994916DE1 /* Pods-MobileNocTask.debug.xcconfig */,
				1E26F91DABB8B780D75B6C22 /* Pods-MobileNocTask.release.xcconfig */,
				DD293DAC4BFB0BC4141A9349 /* Pods-MobileNocTaskTests.debug.xcconfig */,
				A054D192FBF75123236F0009 /* Pods-MobileNocTaskTests.release.xcconfig */,
				B261A69DE0C38F4DA414BC5A /* Pods-MobileNocTaskUITests.debug.xcconfig */,
				2429FE6BC98DFF9E2E7ACAAA /* Pods-MobileNocTaskUITests.release.xcconfig */,
			);
			name = Pods;
			sourceTree = "<group>";
		};
		CD36501EB2F676B3C33DD678 /* Frameworks */ = {
			isa = PBXGroup;
			children = (
				E0228AAE9AFA8B9D582E3DB6 /* Pods_MobileNocTask.framework */,
				9E9EE309F908A04CD5F9FFF3 /* Pods_MobileNocTaskTests.framework */,
				59B0A5EF9D17BEFD173A775C /* Pods_MobileNocTaskUITests.framework */,
			);
			name = Frameworks;
			sourceTree = "<group>";
		};
		D218410721A5BC0C00A51C99 /* Mocks */ = {
			isa = PBXGroup;
			children = (
				D218410821A5BC2E00A51C99 /* NetworkMock.swift */,
				D218410A21A5BC6200A51C99 /* DataSourceMock.swift */,
			);
			path = Mocks;
			sourceTree = "<group>";
		};
		D2667A3521A49D7B006B9602 = {
			isa = PBXGroup;
			children = (
				D2667A4021A49D7B006B9602 /* MobileNocTask */,
				D2667A5521A49D7C006B9602 /* MobileNocTaskTests */,
				D2667A6021A49D7C006B9602 /* MobileNocTaskUITests */,
				D2667A3F21A49D7B006B9602 /* Products */,
				8486EE0ECE4AB1B3C826EC2B /* Pods */,
				CD36501EB2F676B3C33DD678 /* Frameworks */,
			);
			sourceTree = "<group>";
		};
		D2667A3F21A49D7B006B9602 /* Products */ = {
			isa = PBXGroup;
			children = (
				D2667A3E21A49D7B006B9602 /* MobileNocTask.app */,
				D2667A5221A49D7C006B9602 /* MobileNocTaskTests.xctest */,
				D2667A5D21A49D7C006B9602 /* MobileNocTaskUITests.xctest */,
			);
			name = Products;
			sourceTree = "<group>";
		};
		D2667A4021A49D7B006B9602 /* MobileNocTask */ = {
			isa = PBXGroup;
			children = (
				D2667A4121A49D7B006B9602 /* AppDelegate.swift */,
				D2667A6F21A4A072006B9602 /* Helpers */,
				D2667A8821A5548A006B9602 /* NetworkService */,
				D2667A8521A55258006B9602 /* Models */,
				D2667A8221A55048006B9602 /* Modules */,
				D2667A4821A49D7C006B9602 /* Assets.xcassets */,
				D2667A4A21A49D7C006B9602 /* LaunchScreen.storyboard */,
				D2667A4D21A49D7C006B9602 /* Info.plist */,
			);
			path = MobileNocTask;
			sourceTree = "<group>";
		};
		D2667A5521A49D7C006B9602 /* MobileNocTaskTests */ = {
			isa = PBXGroup;
			children = (
				D218410721A5BC0C00A51C99 /* Mocks */,
				D2667A9121A5AEE2006B9602 /* DataSourceTests.swift */,
				D218410521A5B84300A51C99 /* AlertsViewTests.swift */,
				D218410C21A5BCE900A51C99 /* AlertsListTests.swift */,
				D2667A5821A49D7C006B9602 /* Info.plist */,
			);
			path = MobileNocTaskTests;
			sourceTree = "<group>";
		};
		D2667A6021A49D7C006B9602 /* MobileNocTaskUITests */ = {
			isa = PBXGroup;
			children = (
				D2667A6121A49D7C006B9602 /* MobileNocTaskUITests.swift */,
				D2667A6321A49D7C006B9602 /* Info.plist */,
			);
			path = MobileNocTaskUITests;
			sourceTree = "<group>";
		};
		D2667A6F21A4A072006B9602 /* Helpers */ = {
			isa = PBXGroup;
			children = (
				D2667A7021A4A083006B9602 /* UIView+Helpers.swift */,
				D2667A7A21A5357B006B9602 /* UILabel+Helpers.swift */,
				D2667A7221A4A18C006B9602 /* Round.swift */,
				D2667A7E21A54C99006B9602 /* Colors.swift */,
				D2667A8D21A5AAB8006B9602 /* Dynamic.swift */,
			);
			path = Helpers;
			sourceTree = "<group>";
		};
		D2667A8021A5501E006B9602 /* Alert Cell */ = {
			isa = PBXGroup;
			children = (
				D2667A7621A52F6B006B9602 /* AlertCell.xib */,
				D2667A7821A52F8B006B9602 /* AlertCell.swift */,
			);
			path = "Alert Cell";
			sourceTree = "<group>";
		};
		D2667A8121A5502D006B9602 /* Alerts */ = {
			isa = PBXGroup;
			children = (
				D2667A4521A49D7B006B9602 /* Alerts.storyboard */,
				D2667A4321A49D7B006B9602 /* AlertsView.swift */,
				D2667A7C21A53910006B9602 /* AlertsList.swift */,
				D2667A8F21A5ACE9006B9602 /* AlertsDataSource.swift */,
				D2667A8021A5501E006B9602 /* Alert Cell */,
			);
			path = Alerts;
			sourceTree = "<group>";
		};
		D2667A8221A55048006B9602 /* Modules */ = {
			isa = PBXGroup;
			children = (
				D2667A8121A5502D006B9602 /* Alerts */,
			);
			path = Modules;
			sourceTree = "<group>";
		};
		D2667A8521A55258006B9602 /* Models */ = {
			isa = PBXGroup;
			children = (
				D2667A8321A5523F006B9602 /* Alert.swift */,
				D2667A8621A5545A006B9602 /* Status.swift */,
			);
			path = Models;
			sourceTree = "<group>";
		};
		D2667A8821A5548A006B9602 /* NetworkService */ = {
			isa = PBXGroup;
			children = (
				D2667A8B21A56217006B9602 /* NetworkService.swift */,
				D2667A8921A554BD006B9602 /* AlertsResponse.swift */,
			);
			path = NetworkService;
			sourceTree = "<group>";
		};
/* End PBXGroup section */

/* Begin PBXNativeTarget section */
		D2667A3D21A49D7B006B9602 /* MobileNocTask */ = {
			isa = PBXNativeTarget;
			buildConfigurationList = D2667A6621A49D7C006B9602 /* Build configuration list for PBXNativeTarget "MobileNocTask" */;
			buildPhases = (
				23FBA002A7AC25F3510D323A /* [CP] Check Pods Manifest.lock */,
				D2667A3A21A49D7B006B9602 /* Sources */,
				D2667A3B21A49D7B006B9602 /* Frameworks */,
				D2667A3C21A49D7B006B9602 /* Resources */,
				A8DA45453F363C450235B733 /* [CP] Embed Pods Frameworks */,
			);
			buildRules = (
			);
			dependencies = (
			);
			name = MobileNocTask;
			productName = MobileNocTask;
			productReference = D2667A3E21A49D7B006B9602 /* MobileNocTask.app */;
			productType = "com.apple.product-type.application";
		};
		D2667A5121A49D7C006B9602 /* MobileNocTaskTests */ = {
			isa = PBXNativeTarget;
			buildConfigurationList = D2667A6921A49D7C006B9602 /* Build configuration list for PBXNativeTarget "MobileNocTaskTests" */;
			buildPhases = (
				1AB255267B01053321937122 /* [CP] Check Pods Manifest.lock */,
				D2667A4E21A49D7C006B9602 /* Sources */,
				D2667A4F21A49D7C006B9602 /* Frameworks */,
				D2667A5021A49D7C006B9602 /* Resources */,
			);
			buildRules = (
			);
			dependencies = (
				D2667A5421A49D7C006B9602 /* PBXTargetDependency */,
			);
			name = MobileNocTaskTests;
			productName = MobileNocTaskTests;
			productReference = D2667A5221A49D7C006B9602 /* MobileNocTaskTests.xctest */;
			productType = "com.apple.product-type.bundle.unit-test";
		};
		D2667A5C21A49D7C006B9602 /* MobileNocTaskUITests */ = {
			isa = PBXNativeTarget;
			buildConfigurationList = D2667A6C21A49D7C006B9602 /* Build configuration list for PBXNativeTarget "MobileNocTaskUITests" */;
			buildPhases = (
				79906A99CC0E51604CB112D3 /* [CP] Check Pods Manifest.lock */,
				D2667A5921A49D7C006B9602 /* Sources */,
				D2667A5A21A49D7C006B9602 /* Frameworks */,
				D2667A5B21A49D7C006B9602 /* Resources */,
			);
			buildRules = (
			);
			dependencies = (
				D2667A5F21A49D7C006B9602 /* PBXTargetDependency */,
			);
			name = MobileNocTaskUITests;
			productName = MobileNocTaskUITests;
			productReference = D2667A5D21A49D7C006B9602 /* MobileNocTaskUITests.xctest */;
			productType = "com.apple.product-type.bundle.ui-testing";
		};
/* End PBXNativeTarget section */

/* Begin PBXProject section */
		D2667A3621A49D7B006B9602 /* Project object */ = {
			isa = PBXProject;
			attributes = {
				LastSwiftUpdateCheck = 1000;
				LastUpgradeCheck = 1000;
				ORGANIZATIONNAME = "Ahmed Meguid";
				TargetAttributes = {
					D2667A3D21A49D7B006B9602 = {
						CreatedOnToolsVersion = 10.0;
					};
					D2667A5121A49D7C006B9602 = {
						CreatedOnToolsVersion = 10.0;
						TestTargetID = D2667A3D21A49D7B006B9602;
					};
					D2667A5C21A49D7C006B9602 = {
						CreatedOnToolsVersion = 10.0;
						TestTargetID = D2667A3D21A49D7B006B9602;
					};
				};
			};
			buildConfigurationList = D2667A3921A49D7B006B9602 /* Build configuration list for PBXProject "MobileNocTask" */;
			compatibilityVersion = "Xcode 8.0";
			developmentRegion = en;
			hasScannedForEncodings = 0;
			knownRegions = (
				en,
				Base,
			);
			mainGroup = D2667A3521A49D7B006B9602;
			productRefGroup = D2667A3F21A49D7B006B9602 /* Products */;
			projectDirPath = "";
			projectRoot = "";
			targets = (
				D2667A3D21A49D7B006B9602 /* MobileNocTask */,
				D2667A5121A49D7C006B9602 /* MobileNocTaskTests */,
				D2667A5C21A49D7C006B9602 /* MobileNocTaskUITests */,
			);
		};
/* End PBXProject section */

/* Begin PBXResourcesBuildPhase section */
		D2667A3C21A49D7B006B9602 /* Resources */ = {
			isa = PBXResourcesBuildPhase;
			buildActionMask = 2147483647;
			files = (
				D2667A4C21A49D7C006B9602 /* LaunchScreen.storyboard in Resources */,
				D2667A4921A49D7C006B9602 /* Assets.xcassets in Resources */,
				D2667A7721A52F6B006B9602 /* AlertCell.xib in Resources */,
				D2667A4721A49D7B006B9602 /* Alerts.storyboard in Resources */,
			);
			runOnlyForDeploymentPostprocessing = 0;
		};
		D2667A5021A49D7C006B9602 /* Resources */ = {
			isa = PBXResourcesBuildPhase;
			buildActionMask = 2147483647;
			files = (
			);
			runOnlyForDeploymentPostprocessing = 0;
		};
		D2667A5B21A49D7C006B9602 /* Resources */ = {
			isa = PBXResourcesBuildPhase;
			buildActionMask = 2147483647;
			files = (
			);
			runOnlyForDeploymentPostprocessing = 0;
		};
/* End PBXResourcesBuildPhase section */

/* Begin PBXShellScriptBuildPhase section */
		1AB255267B01053321937122 /* [CP] Check Pods Manifest.lock */ = {
			isa = PBXShellScriptBuildPhase;
			buildActionMask = 2147483647;
			files = (
			);
			inputFileListPaths = (
			);
			inputPaths = (
				"${PODS_PODFILE_DIR_PATH}/Podfile.lock",
				"${PODS_ROOT}/Manifest.lock",
			);
			name = "[CP] Check Pods Manifest.lock";
			outputFileListPaths = (
			);
			outputPaths = (
				"$(DERIVED_FILE_DIR)/Pods-MobileNocTaskTests-checkManifestLockResult.txt",
			);
			runOnlyForDeploymentPostprocessing = 0;
			shellPath = /bin/sh;
			shellScript = "diff \"${PODS_PODFILE_DIR_PATH}/Podfile.lock\" \"${PODS_ROOT}/Manifest.lock\" > /dev/null\nif [ $? != 0 ] ; then\n    # print error to STDERR\n    echo \"error: The sandbox is not in sync with the Podfile.lock. Run 'pod install' or update your CocoaPods installation.\" >&2\n    exit 1\nfi\n# This output is used by Xcode 'outputs' to avoid re-running this script phase.\necho \"SUCCESS\" > \"${SCRIPT_OUTPUT_FILE_0}\"\n";
			showEnvVarsInLog = 0;
		};
		23FBA002A7AC25F3510D323A /* [CP] Check Pods Manifest.lock */ = {
			isa = PBXShellScriptBuildPhase;
			buildActionMask = 2147483647;
			files = (
			);
			inputFileListPaths = (
			);
			inputPaths = (
				"${PODS_PODFILE_DIR_PATH}/Podfile.lock",
				"${PODS_ROOT}/Manifest.lock",
			);
			name = "[CP] Check Pods Manifest.lock";
			outputFileListPaths = (
			);
			outputPaths = (
				"$(DERIVED_FILE_DIR)/Pods-MobileNocTask-checkManifestLockResult.txt",
			);
			runOnlyForDeploymentPostprocessing = 0;
			shellPath = /bin/sh;
			shellScript = "diff \"${PODS_PODFILE_DIR_PATH}/Podfile.lock\" \"${PODS_ROOT}/Manifest.lock\" > /dev/null\nif [ $? != 0 ] ; then\n    # print error to STDERR\n    echo \"error: The sandbox is not in sync with the Podfile.lock. Run 'pod install' or update your CocoaPods installation.\" >&2\n    exit 1\nfi\n# This output is used by Xcode 'outputs' to avoid re-running this script phase.\necho \"SUCCESS\" > \"${SCRIPT_OUTPUT_FILE_0}\"\n";
			showEnvVarsInLog = 0;
		};
		79906A99CC0E51604CB112D3 /* [CP] Check Pods Manifest.lock */ = {
			isa = PBXShellScriptBuildPhase;
			buildActionMask = 2147483647;
			files = (
			);
			inputFileListPaths = (
			);
			inputPaths = (
				"${PODS_PODFILE_DIR_PATH}/Podfile.lock",
				"${PODS_ROOT}/Manifest.lock",
			);
			name = "[CP] Check Pods Manifest.lock";
			outputFileListPaths = (
			);
			outputPaths = (
				"$(DERIVED_FILE_DIR)/Pods-MobileNocTaskUITests-checkManifestLockResult.txt",
			);
			runOnlyForDeploymentPostprocessing = 0;
			shellPath = /bin/sh;
			shellScript = "diff \"${PODS_PODFILE_DIR_PATH}/Podfile.lock\" \"${PODS_ROOT}/Manifest.lock\" > /dev/null\nif [ $? != 0 ] ; then\n    # print error to STDERR\n    echo \"error: The sandbox is not in sync with the Podfile.lock. Run 'pod install' or update your CocoaPods installation.\" >&2\n    exit 1\nfi\n# This output is used by Xcode 'outputs' to avoid re-running this script phase.\necho \"SUCCESS\" > \"${SCRIPT_OUTPUT_FILE_0}\"\n";
			showEnvVarsInLog = 0;
		};
		A8DA45453F363C450235B733 /* [CP] Embed Pods Frameworks */ = {
			isa = PBXShellScriptBuildPhase;
			buildActionMask = 2147483647;
			files = (
			);
			inputFileListPaths = (
			);
			inputPaths = (
				"${SRCROOT}/Pods/Target Support Files/Pods-MobileNocTask/Pods-MobileNocTask-frameworks.sh",
				"${BUILT_PRODUCTS_DIR}/Alamofire/Alamofire.framework",
			);
			name = "[CP] Embed Pods Frameworks";
			outputFileListPaths = (
			);
			outputPaths = (
				"${TARGET_BUILD_DIR}/${FRAMEWORKS_FOLDER_PATH}/Alamofire.framework",
			);
			runOnlyForDeploymentPostprocessing = 0;
			shellPath = /bin/sh;
			shellScript = "\"${SRCROOT}/Pods/Target Support Files/Pods-MobileNocTask/Pods-MobileNocTask-frameworks.sh\"\n";
			showEnvVarsInLog = 0;
		};
/* End PBXShellScriptBuildPhase section */

/* Begin PBXSourcesBuildPhase section */
		D2667A3A21A49D7B006B9602 /* Sources */ = {
			isa = PBXSourcesBuildPhase;
			buildActionMask = 2147483647;
			files = (
				D2667A8E21A5AAB8006B9602 /* Dynamic.swift in Sources */,
				D2667A8421A5523F006B9602 /* Alert.swift in Sources */,
				D2667A8721A5545A006B9602 /* Status.swift in Sources */,
				D2667A9021A5ACE9006B9602 /* AlertsDataSource.swift in Sources */,
				D2667A8A21A554BD006B9602 /* AlertsResponse.swift in Sources */,
				D2667A7B21A5357B006B9602 /* UILabel+Helpers.swift in Sources */,
				D2667A7F21A54C99006B9602 /* Colors.swift in Sources */,
				D2667A7321A4A18C006B9602 /* Round.swift in Sources */,
				D2667A4421A49D7B006B9602 /* AlertsView.swift in Sources */,
				D2667A7121A4A083006B9602 /* UIView+Helpers.swift in Sources */,
				D2667A7D21A53910006B9602 /* AlertsList.swift in Sources */,
				D2667A7921A52F8B006B9602 /* AlertCell.swift in Sources */,
				D2667A8C21A56217006B9602 /* NetworkService.swift in Sources */,
				D2667A4221A49D7B006B9602 /* AppDelegate.swift in Sources */,
			);
			runOnlyForDeploymentPostprocessing = 0;
		};
		D2667A4E21A49D7C006B9602 /* Sources */ = {
			isa = PBXSourcesBuildPhase;
			buildActionMask = 2147483647;
			files = (
				D218410D21A5BCE900A51C99 /* AlertsListTests.swift in Sources */,
				D218410B21A5BC6200A51C99 /* DataSourceMock.swift in Sources */,
				D2667A9221A5AEE2006B9602 /* DataSourceTests.swift in Sources */,
				D218410621A5B84300A51C99 /* AlertsViewTests.swift in Sources */,
				D218410921A5BC2E00A51C99 /* NetworkMock.swift in Sources */,
			);
			runOnlyForDeploymentPostprocessing = 0;
		};
		D2667A5921A49D7C006B9602 /* Sources */ = {
			isa = PBXSourcesBuildPhase;
			buildActionMask = 2147483647;
			files = (
				D2667A6221A49D7C006B9602 /* MobileNocTaskUITests.swift in Sources */,
			);
			runOnlyForDeploymentPostprocessing = 0;
		};
/* End PBXSourcesBuildPhase section */

/* Begin PBXTargetDependency section */
		D2667A5421A49D7C006B9602 /* PBXTargetDependency */ = {
			isa = PBXTargetDependency;
			target = D2667A3D21A49D7B006B9602 /* MobileNocTask */;
			targetProxy = D2667A5321A49D7C006B9602 /* PBXContainerItemProxy */;
		};
		D2667A5F21A49D7C006B9602 /* PBXTargetDependency */ = {
			isa = PBXTargetDependency;
			target = D2667A3D21A49D7B006B9602 /* MobileNocTask */;
			targetProxy = D2667A5E21A49D7C006B9602 /* PBXContainerItemProxy */;
		};
/* End PBXTargetDependency section */

/* Begin PBXVariantGroup section */
		D2667A4521A49D7B006B9602 /* Alerts.storyboard */ = {
			isa = PBXVariantGroup;
			children = (
				D2667A4621A49D7B006B9602 /* Base */,
			);
			name = Alerts.storyboard;
			sourceTree = "<group>";
		};
		D2667A4A21A49D7C006B9602 /* LaunchScreen.storyboard */ = {
			isa = PBXVariantGroup;
			children = (
				D2667A4B21A49D7C006B9602 /* Base */,
			);
			name = LaunchScreen.storyboard;
			sourceTree = "<group>";
		};
/* End PBXVariantGroup section */

/* Begin XCBuildConfiguration section */
		D2667A6421A49D7C006B9602 /* Debug */ = {
			isa = XCBuildConfiguration;
			buildSettings = {
				ALWAYS_SEARCH_USER_PATHS = NO;
				CLANG_ANALYZER_NONNULL = YES;
				CLANG_ANALYZER_NUMBER_OBJECT_CONVERSION = YES_AGGRESSIVE;
				CLANG_CXX_LANGUAGE_STANDARD = "gnu++14";
				CLANG_CXX_LIBRARY = "libc++";
				CLANG_ENABLE_MODULES = YES;
				CLANG_ENABLE_OBJC_ARC = YES;
				CLANG_ENABLE_OBJC_WEAK = YES;
				CLANG_WARN_BLOCK_CAPTURE_AUTORELEASING = YES;
				CLANG_WARN_BOOL_CONVERSION = YES;
				CLANG_WARN_COMMA = YES;
				CLANG_WARN_CONSTANT_CONVERSION = YES;
				CLANG_WARN_DEPRECATED_OBJC_IMPLEMENTATIONS = YES;
				CLANG_WARN_DIRECT_OBJC_ISA_USAGE = YES_ERROR;
				CLANG_WARN_DOCUMENTATION_COMMENTS = YES;
				CLANG_WARN_EMPTY_BODY = YES;
				CLANG_WARN_ENUM_CONVERSION = YES;
				CLANG_WARN_INFINITE_RECURSION = YES;
				CLANG_WARN_INT_CONVERSION = YES;
				CLANG_WARN_NON_LITERAL_NULL_CONVERSION = YES;
				CLANG_WARN_OBJC_IMPLICIT_RETAIN_SELF = YES;
				CLANG_WARN_OBJC_LITERAL_CONVERSION = YES;
				CLANG_WARN_OBJC_ROOT_CLASS = YES_ERROR;
				CLANG_WARN_RANGE_LOOP_ANALYSIS = YES;
				CLANG_WARN_STRICT_PROTOTYPES = YES;
				CLANG_WARN_SUSPICIOUS_MOVE = YES;
				CLANG_WARN_UNGUARDED_AVAILABILITY = YES_AGGRESSIVE;
				CLANG_WARN_UNREACHABLE_CODE = YES;
				CLANG_WARN__DUPLICATE_METHOD_MATCH = YES;
				CODE_SIGN_IDENTITY = "iPhone Developer";
				COPY_PHASE_STRIP = NO;
				DEBUG_INFORMATION_FORMAT = dwarf;
				ENABLE_STRICT_OBJC_MSGSEND = YES;
				ENABLE_TESTABILITY = YES;
				GCC_C_LANGUAGE_STANDARD = gnu11;
				GCC_DYNAMIC_NO_PIC = NO;
				GCC_NO_COMMON_BLOCKS = YES;
				GCC_OPTIMIZATION_LEVEL = 0;
				GCC_PREPROCESSOR_DEFINITIONS = (
					"DEBUG=1",
					"$(inherited)",
				);
				GCC_WARN_64_TO_32_BIT_CONVERSION = YES;
				GCC_WARN_ABOUT_RETURN_TYPE = YES_ERROR;
				GCC_WARN_UNDECLARED_SELECTOR = YES;
				GCC_WARN_UNINITIALIZED_AUTOS = YES_AGGRESSIVE;
				GCC_WARN_UNUSED_FUNCTION = YES;
				GCC_WARN_UNUSED_VARIABLE = YES;
				IPHONEOS_DEPLOYMENT_TARGET = 12.0;
				MTL_ENABLE_DEBUG_INFO = INCLUDE_SOURCE;
				MTL_FAST_MATH = YES;
				ONLY_ACTIVE_ARCH = YES;
				SDKROOT = iphoneos;
				SWIFT_ACTIVE_COMPILATION_CONDITIONS = DEBUG;
				SWIFT_OPTIMIZATION_LEVEL = "-Onone";
			};
			name = Debug;
		};
		D2667A6521A49D7C006B9602 /* Release */ = {
			isa = XCBuildConfiguration;
			buildSettings = {
				ALWAYS_SEARCH_USER_PATHS = NO;
				CLANG_ANALYZER_NONNULL = YES;
				CLANG_ANALYZER_NUMBER_OBJECT_CONVERSION = YES_AGGRESSIVE;
				CLANG_CXX_LANGUAGE_STANDARD = "gnu++14";
				CLANG_CXX_LIBRARY = "libc++";
				CLANG_ENABLE_MODULES = YES;
				CLANG_ENABLE_OBJC_ARC = YES;
				CLANG_ENABLE_OBJC_WEAK = YES;
				CLANG_WARN_BLOCK_CAPTURE_AUTORELEASING = YES;
				CLANG_WARN_BOOL_CONVERSION = YES;
				CLANG_WARN_COMMA = YES;
				CLANG_WARN_CONSTANT_CONVERSION = YES;
				CLANG_WARN_DEPRECATED_OBJC_IMPLEMENTATIONS = YES;
				CLANG_WARN_DIRECT_OBJC_ISA_USAGE = YES_ERROR;
				CLANG_WARN_DOCUMENTATION_COMMENTS = YES;
				CLANG_WARN_EMPTY_BODY = YES;
				CLANG_WARN_ENUM_CONVERSION = YES;
				CLANG_WARN_INFINITE_RECURSION = YES;
				CLANG_WARN_INT_CONVERSION = YES;
				CLANG_WARN_NON_LITERAL_NULL_CONVERSION = YES;
				CLANG_WARN_OBJC_IMPLICIT_RETAIN_SELF = YES;
				CLANG_WARN_OBJC_LITERAL_CONVERSION = YES;
				CLANG_WARN_OBJC_ROOT_CLASS = YES_ERROR;
				CLANG_WARN_RANGE_LOOP_ANALYSIS = YES;
				CLANG_WARN_STRICT_PROTOTYPES = YES;
				CLANG_WARN_SUSPICIOUS_MOVE = YES;
				CLANG_WARN_UNGUARDED_AVAILABILITY = YES_AGGRESSIVE;
				CLANG_WARN_UNREACHABLE_CODE = YES;
				CLANG_WARN__DUPLICATE_METHOD_MATCH = YES;
				CODE_SIGN_IDENTITY = "iPhone Developer";
				COPY_PHASE_STRIP = NO;
				DEBUG_INFORMATION_FORMAT = "dwarf-with-dsym";
				ENABLE_NS_ASSERTIONS = NO;
				ENABLE_STRICT_OBJC_MSGSEND = YES;
				GCC_C_LANGUAGE_STANDARD = gnu11;
				GCC_NO_COMMON_BLOCKS = YES;
				GCC_WARN_64_TO_32_BIT_CONVERSION = YES;
				GCC_WARN_ABOUT_RETURN_TYPE = YES_ERROR;
				GCC_WARN_UNDECLARED_SELECTOR = YES;
				GCC_WARN_UNINITIALIZED_AUTOS = YES_AGGRESSIVE;
				GCC_WARN_UNUSED_FUNCTION = YES;
				GCC_WARN_UNUSED_VARIABLE = YES;
				IPHONEOS_DEPLOYMENT_TARGET = 12.0;
				MTL_ENABLE_DEBUG_INFO = NO;
				MTL_FAST_MATH = YES;
				SDKROOT = iphoneos;
				SWIFT_COMPILATION_MODE = wholemodule;
				SWIFT_OPTIMIZATION_LEVEL = "-O";
				VALIDATE_PRODUCT = YES;
			};
			name = Release;
		};
		D2667A6721A49D7C006B9602 /* Debug */ = {
			isa = XCBuildConfiguration;
			baseConfigurationReference = C220FBFBA8F3482994916DE1 /* Pods-MobileNocTask.debug.xcconfig */;
			buildSettings = {
				ASSETCATALOG_COMPILER_APPICON_NAME = AppIcon;
				CODE_SIGN_STYLE = Automatic;
				INFOPLIST_FILE = MobileNocTask/Info.plist;
				IPHONEOS_DEPLOYMENT_TARGET = 10.0;
				LD_RUNPATH_SEARCH_PATHS = (
					"$(inherited)",
					"@executable_path/Frameworks",
				);
				PRODUCT_BUNDLE_IDENTIFIER = meguid.MobileNocTask;
				PRODUCT_NAME = "$(TARGET_NAME)";
				SWIFT_VERSION = 4.2;
				TARGETED_DEVICE_FAMILY = 2;
			};
			name = Debug;
		};
		D2667A6821A49D7C006B9602 /* Release */ = {
			isa = XCBuildConfiguration;
			baseConfigurationReference = 1E26F91DABB8B780D75B6C22 /* Pods-MobileNocTask.release.xcconfig */;
			buildSettings = {
				ASSETCATALOG_COMPILER_APPICON_NAME = AppIcon;
				CODE_SIGN_STYLE = Automatic;
				INFOPLIST_FILE = MobileNocTask/Info.plist;
				IPHONEOS_DEPLOYMENT_TARGET = 10.0;
				LD_RUNPATH_SEARCH_PATHS = (
					"$(inherited)",
					"@executable_path/Frameworks",
				);
				PRODUCT_BUNDLE_IDENTIFIER = meguid.MobileNocTask;
				PRODUCT_NAME = "$(TARGET_NAME)";
				SWIFT_VERSION = 4.2;
				TARGETED_DEVICE_FAMILY = 2;
			};
			name = Release;
		};
		D2667A6A21A49D7C006B9602 /* Debug */ = {
			isa = XCBuildConfiguration;
			baseConfigurationReference = DD293DAC4BFB0BC4141A9349 /* Pods-MobileNocTaskTests.debug.xcconfig */;
			buildSettings = {
				ALWAYS_EMBED_SWIFT_STANDARD_LIBRARIES = YES;
				BUNDLE_LOADER = "$(TEST_HOST)";
				CODE_SIGN_STYLE = Automatic;
				INFOPLIST_FILE = MobileNocTaskTests/Info.plist;
				LD_RUNPATH_SEARCH_PATHS = (
					"$(inherited)",
					"@executable_path/Frameworks",
					"@loader_path/Frameworks",
				);
				PRODUCT_BUNDLE_IDENTIFIER = meguid.MobileNocTaskTests;
				PRODUCT_NAME = "$(TARGET_NAME)";
				SWIFT_VERSION = 4.2;
				TARGETED_DEVICE_FAMILY = "1,2";
				TEST_HOST = "$(BUILT_PRODUCTS_DIR)/MobileNocTask.app/MobileNocTask";
			};
			name = Debug;
		};
		D2667A6B21A49D7C006B9602 /* Release */ = {
			isa = XCBuildConfiguration;
			baseConfigurationReference = A054D192FBF75123236F0009 /* Pods-MobileNocTaskTests.release.xcconfig */;
			buildSettings = {
				ALWAYS_EMBED_SWIFT_STANDARD_LIBRARIES = YES;
				BUNDLE_LOADER = "$(TEST_HOST)";
				CODE_SIGN_STYLE = Automatic;
				INFOPLIST_FILE = MobileNocTaskTests/Info.plist;
				LD_RUNPATH_SEARCH_PATHS = (
					"$(inherited)",
					"@executable_path/Frameworks",
					"@loader_path/Frameworks",
				);
				PRODUCT_BUNDLE_IDENTIFIER = meguid.MobileNocTaskTests;
				PRODUCT_NAME = "$(TARGET_NAME)";
				SWIFT_VERSION = 4.2;
				TARGETED_DEVICE_FAMILY = "1,2";
				TEST_HOST = "$(BUILT_PRODUCTS_DIR)/MobileNocTask.app/MobileNocTask";
			};
			name = Release;
		};
		D2667A6D21A49D7C006B9602 /* Debug */ = {
			isa = XCBuildConfiguration;
			baseConfigurationReference = B261A69DE0C38F4DA414BC5A /* Pods-MobileNocTaskUITests.debug.xcconfig */;
			buildSettings = {
				ALWAYS_EMBED_SWIFT_STANDARD_LIBRARIES = YES;
				CODE_SIGN_STYLE = Automatic;
				INFOPLIST_FILE = MobileNocTaskUITests/Info.plist;
				LD_RUNPATH_SEARCH_PATHS = (
					"$(inherited)",
					"@executable_path/Frameworks",
					"@loader_path/Frameworks",
				);
				PRODUCT_BUNDLE_IDENTIFIER = meguid.MobileNocTaskUITests;
				PRODUCT_NAME = "$(TARGET_NAME)";
				SWIFT_VERSION = 4.2;
				TARGETED_DEVICE_FAMILY = "1,2";
				TEST_TARGET_NAME = MobileNocTask;
			};
			name = Debug;
		};
		D2667A6E21A49D7C006B9602 /* Release */ = {
			isa = XCBuildConfiguration;
			baseConfigurationReference = 2429FE6BC98DFF9E2E7ACAAA /* Pods-MobileNocTaskUITests.release.xcconfig */;
			buildSettings = {
				ALWAYS_EMBED_SWIFT_STANDARD_LIBRARIES = YES;
				CODE_SIGN_STYLE = Automatic;
				INFOPLIST_FILE = MobileNocTaskUITests/Info.plist;
				LD_RUNPATH_SEARCH_PATHS = (
					"$(inherited)",
					"@executable_path/Frameworks",
					"@loader_path/Frameworks",
				);
				PRODUCT_BUNDLE_IDENTIFIER = meguid.MobileNocTaskUITests;
				PRODUCT_NAME = "$(TARGET_NAME)";
				SWIFT_VERSION = 4.2;
				TARGETED_DEVICE_FAMILY = "1,2";
				TEST_TARGET_NAME = MobileNocTask;
			};
			name = Release;
		};
/* End XCBuildConfiguration section */

/* Begin XCConfigurationList section */
		D2667A3921A49D7B006B9602 /* Build configuration list for PBXProject "MobileNocTask" */ = {
			isa = XCConfigurationList;
			buildConfigurations = (
				D2667A6421A49D7C006B9602 /* Debug */,
				D2667A6521A49D7C006B9602 /* Release */,
			);
			defaultConfigurationIsVisible = 0;
			defaultConfigurationName = Release;
		};
		D2667A6621A49D7C006B9602 /* Build configuration list for PBXNativeTarget "MobileNocTask" */ = {
			isa = XCConfigurationList;
			buildConfigurations = (
				D2667A6721A49D7C006B9602 /* Debug */,
				D2667A6821A49D7C006B9602 /* Release */,
			);
			defaultConfigurationIsVisible = 0;
			defaultConfigurationName = Release;
		};
		D2667A6921A49D7C006B9602 /* Build configuration list for PBXNativeTarget "MobileNocTaskTests" */ = {
			isa = XCConfigurationList;
			buildConfigurations = (
				D2667A6A21A49D7C006B9602 /* Debug */,
				D2667A6B21A49D7C006B9602 /* Release */,
			);
			defaultConfigurationIsVisible = 0;
			defaultConfigurationName = Release;
		};
		D2667A6C21A49D7C006B9602 /* Build configuration list for PBXNativeTarget "MobileNocTaskUITests" */ = {
			isa = XCConfigurationList;
			buildConfigurations = (
				D2667A6D21A49D7C006B9602 /* Debug */,
				D2667A6E21A49D7C006B9602 /* Release */,
			);
			defaultConfigurationIsVisible = 0;
			defaultConfigurationName = Release;
		};
/* End XCConfigurationList section */
	};
	rootObject = D2667A3621A49D7B006B9602 /* Project object */;
}
